
Microsoft Visual Studio Solution File, Format Version 12.00
# Visual Studio 15
VisualStudioVersion = 15.0.28307.421
MinimumVisualStudioVersion = 10.0.40219.1
Project("{FAE04EC0-301F-11D3-BF4B-00C04F79EFBC}") = "CoffeeCritique", "CoffeeCritique\CoffeeCritique.csproj", "{13FFC6E5-4683-4065-A3FD-5A9FE061E023}"
EndProject
Global
	GlobalSection(SolutionConfigurationPlatforms) = preSolution
		Debug|Any CPU = Debug|Any CPU
		Release|Any CPU = Release|Any CPU
	EndGlobalSection
	GlobalSection(ProjectConfigurationPlatforms) = postSolution
		{13FFC6E5-4683-4065-A3FD-5A9FE061E023}.Debug|Any CPU.ActiveCfg = Debug|Any CPU
		{13FFC6E5-4683-4065-A3FD-5A9FE061E023}.Debug|Any CPU.Build.0 = Debug|Any CPU
		{13FFC6E5-4683-4065-A3FD-5A9FE061E023}.Release|Any CPU.ActiveCfg = Release|Any CPU
		{13FFC6E5-4683-4065-A3FD-5A9FE061E023}.Release|Any CPU.Build.0 = Release|Any CPU
	EndGlobalSection
	GlobalSection(SolutionProperties) = preSolution
		HideSolutionNode = FALSE
	EndGlobalSection
	GlobalSection(ExtensibilityGlobals) = postSolution
		SolutionGuid = {4A3E5DCD-B3D6-46D1-86FF-736F6916B223}
	EndGlobalSection
EndGlobal
